
Microsoft Visual Studio Solution File, Format Version 12.00
# Visual Studio Version 17
VisualStudioVersion = 17.8.34330.188
MinimumVisualStudioVersion = 10.0.40219.1
Project("{9A19103F-16F7-4668-BE54-9A1E7A4F7556}") = "BlazorApp1", "BlazorApp1\BlazorApp1.csproj", "{20A51AB7-3B5C-4C36-A378-CF56F6792132}"
EndProject
Project("{2150E333-8FDC-42A3-9474-1A3956D46DE8}") = "Solution Items", "Solution Items", "{F473A5F1-826B-4916-B262-AFAB6C968835}"
	ProjectSection(SolutionItems) = preProject
		.github\workflows\main.yml = .github\workflows\main.yml
	EndProjectSection
EndProject
Global
	GlobalSection(SolutionConfigurationPlatforms) = preSolution
		Debug|Any CPU = Debug|Any CPU
		Release|Any CPU = Release|Any CPU
	EndGlobalSection
	GlobalSection(ProjectConfigurationPlatforms) = postSolution
		{20A51AB7-3B5C-4C36-A378-CF56F6792132}.Debug|Any CPU.ActiveCfg = Debug|Any CPU
		{20A51AB7-3B5C-4C36-A378-CF56F6792132}.Debug|Any CPU.Build.0 = Debug|Any CPU
		{20A51AB7-3B5C-4C36-A378-CF56F6792132}.Release|Any CPU.ActiveCfg = Release|Any CPU
		{20A51AB7-3B5C-4C36-A378-CF56F6792132}.Release|Any CPU.Build.0 = Release|Any CPU
	EndGlobalSection
	GlobalSection(SolutionProperties) = preSolution
		HideSolutionNode = FALSE
	EndGlobalSection
	GlobalSection(ExtensibilityGlobals) = postSolution
		SolutionGuid = {2D10859E-6796-4148-9000-4BF58790D952}
	EndGlobalSection
EndGlobal
